
Microsoft Visual Studio Solution File, Format Version 12.00
# Visual Studio Version 16
VisualStudioVersion = 16.0.31005.135
MinimumVisualStudioVersion = 10.0.40219.1
Project("{FAE04EC0-301F-11D3-BF4B-00C04F79EFBC}") = "Employee-Api", "Employee-Api\Employee-Api.csproj", "{156D339B-B480-4316-9D94-CBBA8737AE07}"
EndProject
Global
	GlobalSection(SolutionConfigurationPlatforms) = preSolution
		Debug|Any CPU = Debug|Any CPU
		Release|Any CPU = Release|Any CPU
	EndGlobalSection
	GlobalSection(ProjectConfigurationPlatforms) = postSolution
		{156D339B-B480-4316-9D94-CBBA8737AE07}.Debug|Any CPU.ActiveCfg = Debug|Any CPU
		{156D339B-B480-4316-9D94-CBBA8737AE07}.Debug|Any CPU.Build.0 = Debug|Any CPU
		{156D339B-B480-4316-9D94-CBBA8737AE07}.Release|Any CPU.ActiveCfg = Release|Any CPU
		{156D339B-B480-4316-9D94-CBBA8737AE07}.Release|Any CPU.Build.0 = Release|Any CPU
	EndGlobalSection
	GlobalSection(SolutionProperties) = preSolution
		HideSolutionNode = FALSE
	EndGlobalSection
	GlobalSection(ExtensibilityGlobals) = postSolution
		SolutionGuid = {6588B404-615F-4F8A-8E7E-61E7FD422FC0}
	EndGlobalSection
EndGlobal
